{
  "name": "serverless-appsync-lab",
  "version": "1.0.0",
  "lockfileVersion": 2,
  "requires": true,
  "packages": {
    "": {
      "name": "serverless-appsync-lab",
      "version": "1.0.0",
      "license": "ISC",
      "dependencies": {
        "@aws-sdk/client-cognito-identity-provider": "^3.49.0",
        "@aws-sdk/client-dynamodb": "^3.42.0",
        "@aws-sdk/client-s3": "^3.44.0",
        "@aws-sdk/s3-request-presigner": "^3.44.0",
        "@aws-sdk/util-dynamodb": "^3.42.0",
        "serverless-appsync-plugin": "^1.12.1",
        "serverless-appsync-simulator": "^0.19.2",
        "serverless-dynamodb-local": "^0.2.40",
        "serverless-offline": "^8.2.0",
        "uuid": "^8.3.2"
      },
      "devDependencies": {
        "serverless": "^2.66.1",
        "serverless-webpack": "^5.6.0",
        "webpack": "^4.44.2"
      }
    },
    "../../node_modules/.pnpm/@aws-sdk+client-cognito-identity-provider@3.49.0/node_modules/@aws-sdk/client-cognito-identity-provider": {
      "version": "3.49.0",
      "license": "Apache-2.0",
      "dependencies": {
        "@aws-crypto/sha256-browser": "2.0.0",
        "@aws-crypto/sha256-js": "2.0.0",
        "@aws-sdk/client-sts": "3.49.0",
        "@aws-sdk/config-resolver": "3.49.0",
        "@aws-sdk/credential-provider-node": "3.49.0",
        "@aws-sdk/fetch-http-handler": "3.49.0",
        "@aws-sdk/hash-node": "3.49.0",
        "@aws-sdk/invalid-dependency": "3.49.0",
        "@aws-sdk/middleware-content-length": "3.49.0",
        "@aws-sdk/middleware-host-header": "3.49.0",
        "@aws-sdk/middleware-logger": "3.49.0",
        "@aws-sdk/middleware-retry": "3.49.0",
        "@aws-sdk/middleware-serde": "3.49.0",
        "@aws-sdk/middleware-signing": "3.49.0",
        "@aws-sdk/middleware-stack": "3.49.0",
        "@aws-sdk/middleware-user-agent": "3.49.0",
        "@aws-sdk/node-config-provider": "3.49.0",
        "@aws-sdk/node-http-handler": "3.49.0",
        "@aws-sdk/protocol-http": "3.49.0",
        "@aws-sdk/smithy-client": "3.49.0",
        "@aws-sdk/types": "3.49.0",
        "@aws-sdk/url-parser": "3.49.0",
        "@aws-sdk/util-base64-browser": "3.49.0",
        "@aws-sdk/util-base64-node": "3.49.0",
        "@aws-sdk/util-body-length-browser": "3.49.0",
        "@aws-sdk/util-body-length-node": "3.49.0",
        "@aws-sdk/util-defaults-mode-browser": "3.49.0",
        "@aws-sdk/util-defaults-mode-node": "3.49.0",
        "@aws-sdk/util-user-agent-browser": "3.49.0",
        "@aws-sdk/util-user-agent-node": "3.49.0",
        "@aws-sdk/util-utf8-browser": "3.49.0",
        "@aws-sdk/util-utf8-node": "3.49.0",
        "tslib": "^2.3.0"
      },
      "devDependencies": {
        "@aws-sdk/service-client-documentation-generator": "3.49.0",
        "@tsconfig/recommended": "1.0.1",
        "@types/node": "^12.7.5",
        "concurrently": "7.0.0",
        "downlevel-dts": "0.7.0",
        "rimraf": "3.0.2",
        "typedoc": "0.19.2",
        "typescript": "~4.3.5"
      },
      "engines": {
        "node": ">=12.0.0"
      }
    },
    "../../node_modules/.pnpm/@aws-sdk+client-dynamodb@3.49.0/node_modules/@aws-sdk/client-dynamodb": {
      "version": "3.49.0",
      "license": "Apache-2.0",
      "dependencies": {
        "@aws-crypto/sha256-browser": "2.0.0",
        "@aws-crypto/sha256-js": "2.0.0",
        "@aws-sdk/client-sts": "3.49.0",
        "@aws-sdk/config-resolver": "3.49.0",
        "@aws-sdk/credential-provider-node": "3.49.0",
        "@aws-sdk/fetch-http-handler": "3.49.0",
        "@aws-sdk/hash-node": "3.49.0",
        "@aws-sdk/invalid-dependency": "3.49.0",
        "@aws-sdk/middleware-content-length": "3.49.0",
        "@aws-sdk/middleware-endpoint-discovery": "3.49.0",
        "@aws-sdk/middleware-host-header": "3.49.0",
        "@aws-sdk/middleware-logger": "3.49.0",
        "@aws-sdk/middleware-retry": "3.49.0",
        "@aws-sdk/middleware-serde": "3.49.0",
        "@aws-sdk/middleware-signing": "3.49.0",
        "@aws-sdk/middleware-stack": "3.49.0",
        "@aws-sdk/middleware-user-agent": "3.49.0",
        "@aws-sdk/node-config-provider": "3.49.0",
        "@aws-sdk/node-http-handler": "3.49.0",
        "@aws-sdk/protocol-http": "3.49.0",
        "@aws-sdk/smithy-client": "3.49.0",
        "@aws-sdk/types": "3.49.0",
        "@aws-sdk/url-parser": "3.49.0",
        "@aws-sdk/util-base64-browser": "3.49.0",
        "@aws-sdk/util-base64-node": "3.49.0",
        "@aws-sdk/util-body-length-browser": "3.49.0",
        "@aws-sdk/util-body-length-node": "3.49.0",
        "@aws-sdk/util-defaults-mode-browser": "3.49.0",
        "@aws-sdk/util-defaults-mode-node": "3.49.0",
        "@aws-sdk/util-user-agent-browser": "3.49.0",
        "@aws-sdk/util-user-agent-node": "3.49.0",
        "@aws-sdk/util-utf8-browser": "3.49.0",
        "@aws-sdk/util-utf8-node": "3.49.0",
        "@aws-sdk/util-waiter": "3.49.0",
        "tslib": "^2.3.0",
        "uuid": "^8.3.2"
      },
      "devDependencies": {
        "@aws-sdk/service-client-documentation-generator": "3.49.0",
        "@tsconfig/recommended": "1.0.1",
        "@types/node": "^12.7.5",
        "@types/uuid": "^8.3.0",
        "concurrently": "7.0.0",
        "downlevel-dts": "0.7.0",
        "rimraf": "3.0.2",
        "typedoc": "0.19.2",
        "typescript": "~4.3.5"
      },
      "engines": {
        "node": ">=12.0.0"
      }
    },
    "../../node_modules/.pnpm/@aws-sdk+client-s3@3.49.0/node_modules/@aws-sdk/client-s3": {
      "version": "3.49.0",
      "license": "Apache-2.0",
      "dependencies": {
        "@aws-crypto/sha256-browser": "2.0.0",
        "@aws-crypto/sha256-js": "2.0.0",
        "@aws-sdk/client-sts": "3.49.0",
        "@aws-sdk/config-resolver": "3.49.0",
        "@aws-sdk/credential-provider-node": "3.49.0",
        "@aws-sdk/eventstream-serde-browser": "3.49.0",
        "@aws-sdk/eventstream-serde-config-resolver": "3.49.0",
        "@aws-sdk/eventstream-serde-node": "3.49.0",
        "@aws-sdk/fetch-http-handler": "3.49.0",
        "@aws-sdk/hash-blob-browser": "3.49.0",
        "@aws-sdk/hash-node": "3.49.0",
        "@aws-sdk/hash-stream-node": "3.49.0",
        "@aws-sdk/invalid-dependency": "3.49.0",
        "@aws-sdk/md5-js": "3.49.0",
        "@aws-sdk/middleware-apply-body-checksum": "3.49.0",
        "@aws-sdk/middleware-bucket-endpoint": "3.49.0",
        "@aws-sdk/middleware-content-length": "3.49.0",
        "@aws-sdk/middleware-expect-continue": "3.49.0",
        "@aws-sdk/middleware-host-header": "3.49.0",
        "@aws-sdk/middleware-location-constraint": "3.49.0",
        "@aws-sdk/middleware-logger": "3.49.0",
        "@aws-sdk/middleware-retry": "3.49.0",
        "@aws-sdk/middleware-sdk-s3": "3.49.0",
        "@aws-sdk/middleware-serde": "3.49.0",
        "@aws-sdk/middleware-signing": "3.49.0",
        "@aws-sdk/middleware-ssec": "3.49.0",
        "@aws-sdk/middleware-stack": "3.49.0",
        "@aws-sdk/middleware-user-agent": "3.49.0",
        "@aws-sdk/node-config-provider": "3.49.0",
        "@aws-sdk/node-http-handler": "3.49.0",
        "@aws-sdk/protocol-http": "3.49.0",
        "@aws-sdk/smithy-client": "3.49.0",
        "@aws-sdk/types": "3.49.0",
        "@aws-sdk/url-parser": "3.49.0",
        "@aws-sdk/util-base64-browser": "3.49.0",
        "@aws-sdk/util-base64-node": "3.49.0",
        "@aws-sdk/util-body-length-browser": "3.49.0",
        "@aws-sdk/util-body-length-node": "3.49.0",
        "@aws-sdk/util-defaults-mode-browser": "3.49.0",
        "@aws-sdk/util-defaults-mode-node": "3.49.0",
        "@aws-sdk/util-user-agent-browser": "3.49.0",
        "@aws-sdk/util-user-agent-node": "3.49.0",
        "@aws-sdk/util-utf8-browser": "3.49.0",
        "@aws-sdk/util-utf8-node": "3.49.0",
        "@aws-sdk/util-waiter": "3.49.0",
        "@aws-sdk/xml-builder": "3.49.0",
        "entities": "2.2.0",
        "fast-xml-parser": "3.19.0",
        "tslib": "^2.3.0"
      },
      "devDependencies": {
        "@aws-sdk/service-client-documentation-generator": "3.49.0",
        "@tsconfig/recommended": "1.0.1",
        "@types/chai": "^4.2.11",
        "@types/mocha": "^8.0.4",
        "@types/node": "^12.7.5",
        "concurrently": "7.0.0",
        "downlevel-dts": "0.7.0",
        "rimraf": "3.0.2",
        "typedoc": "0.19.2",
        "typescript": "~4.3.5"
      },
      "engines": {
        "node": ">=12.0.0"
      }
    },
    "../../node_modules/.pnpm/@aws-sdk+s3-request-presigner@3.49.0/node_modules/@aws-sdk/s3-request-presigner": {
      "version": "3.49.0",
      "license": "Apache-2.0",
      "dependencies": {
        "@aws-sdk/middleware-sdk-s3": "3.49.0",
        "@aws-sdk/protocol-http": "3.49.0",
        "@aws-sdk/signature-v4": "3.49.0",
        "@aws-sdk/smithy-client": "3.49.0",
        "@aws-sdk/types": "3.49.0",
        "@aws-sdk/util-create-request": "3.49.0",
        "@aws-sdk/util-format-url": "3.49.0",
        "tslib": "^2.3.0"
      },
      "devDependencies": {
        "@aws-sdk/client-s3": "3.49.0",
        "@aws-sdk/hash-node": "3.49.0",
        "@tsconfig/recommended": "1.0.1",
        "@types/node": "^12.0.2",
        "concurrently": "7.0.0",
        "downlevel-dts": "0.7.0",
        "rimraf": "3.0.2",
        "typedoc": "0.19.2",
        "typescript": "~4.3.5"
      },
      "engines": {
        "node": ">= 12.0.0"
      }
    },
    "../../node_modules/.pnpm/@aws-sdk+util-dynamodb@3.49.0/node_modules/@aws-sdk/util-dynamodb": {
      "version": "3.49.0",
      "license": "Apache-2.0",
      "dependencies": {
        "tslib": "^2.3.0"
      },
      "devDependencies": {
        "@aws-sdk/client-dynamodb": "3.49.0",
        "@tsconfig/recommended": "1.0.1",
        "concurrently": "7.0.0",
        "downlevel-dts": "0.7.0",
        "rimraf": "3.0.2",
        "typedoc": "0.19.2",
        "typescript": "~4.3.5"
      },
      "engines": {
        "node": ">= 12.0.0"
      }
    },
    "../../node_modules/.pnpm/serverless-appsync-plugin@1.12.1/node_modules/serverless-appsync-plugin": {
      "version": "1.12.1",
      "license": "MIT",
      "dependencies": {
        "@graphql-tools/merge": "^6.2.11",
        "aws-sdk": "^2.881.0",
        "chalk": "^2.4.2",
        "globby": "^11.0.3",
        "graphql": "^14.7.0",
        "graphql-playground-middleware-koa": "^1.6.21",
        "koa": "^2.13.1",
        "lodash": "^4.17.20",
        "moment": "^2.29.1",
        "ramda": "^0.25.0"
      },
      "devDependencies": {
        "all-contributors-cli": "^6.20.0",
        "eslint": "^7.28.0",
        "eslint-config-prettier": "^8.3.0",
        "eslint-plugin-import": "^2.22.1",
        "eslint-plugin-prettier": "^4.0.0",
        "jest": "^22.1.4",
        "prettier": "^2.4.1",
        "serverless": "^1.83.3"
      }
    },
    "../../node_modules/.pnpm/serverless-appsync-simulator@0.19.3/node_modules/serverless-appsync-simulator": {
      "version": "0.19.3",
      "license": "MIT",
      "dependencies": {
        "@graphql-tools/merge": "^8.2.1",
        "amplify-appsync-simulator": "^1.27.4",
        "amplify-nodejs-function-runtime-provider": "^1.1.6",
        "aws-sdk": "^2.792.0",
        "axios": "^0.21.0",
        "babel-jest": "^26.6.3",
        "bluebird": "^3.7.2",
        "cfn-resolver-lib": "^1.1.7",
        "dataloader": "^2.0.0",
        "fb-watchman": "^2.0.1",
        "globby": "^11.0.3",
        "jest": "^26.6.3",
        "lodash": "^4.17.20",
        "mysql2": "^2.2.5",
        "pg": "^8.6.0"
      },
      "devDependencies": {
        "@babel/cli": "^7.12.1",
        "@babel/core": "^7.12.3",
        "@babel/plugin-transform-modules-commonjs": "^7.12.1",
        "@babel/preset-env": "^7.12.1",
        "@semantic-release/git": "^9.0.0",
        "all-contributors-cli": "^6.19.0",
        "babel-eslint": "^10.1.0",
        "babel-plugin-inline-import": "^3.0.0",
        "eslint": "^7.13.0",
        "eslint-config-prettier": "^7.0.0",
        "eslint-plugin-prettier": "^3.2.0",
        "prettier": "^2.2.1",
        "semantic-release": "^17.3.0"
      }
    },
    "../../node_modules/.pnpm/serverless-dynamodb-local@0.2.40/node_modules/serverless-dynamodb-local": {
      "version": "0.2.40",
      "license": "MIT",
      "dependencies": {
        "aws-sdk": "^2.7.0",
        "bluebird": "^3.4.6",
        "dynamodb-localhost": "0.0.9",
        "lodash": "^4.17.0"
      },
      "devDependencies": {
        "chai": "^4.1.1",
        "mocha": "^6.2.1",
        "should": "^11.2.1"
      },
      "engines": {
        "node": ">=4.0"
      }
    },
    "../../node_modules/.pnpm/serverless-offline@8.4.0_serverless@2.72.3/node_modules/serverless-offline": {
      "version": "8.4.0",
      "license": "MIT",
      "dependencies": {
        "@hapi/boom": "^9.1.4",
        "@hapi/h2o2": "^9.1.0",
        "@hapi/hapi": "^20.2.1",
        "aws-sdk": "^2.1065.0",
        "boxen": "^5.1.2",
        "chalk": "^4.1.2",
        "cuid": "^2.1.8",
        "execa": "^5.1.1",
        "extend": "^3.0.2",
        "fs-extra": "^9.1.0",
        "java-invoke-local": "0.0.6",
        "js-string-escape": "^1.0.1",
        "jsonpath-plus": "^5.1.0",
        "jsonschema": "^1.4.0",
        "jsonwebtoken": "^8.5.1",
        "jszip": "^3.7.1",
        "luxon": "^1.28.0",
        "node-fetch": "^2.6.7",
        "node-schedule": "^1.3.3",
        "object.fromentries": "^2.0.5",
        "p-memoize": "^4.0.4",
        "p-queue": "^6.6.2",
        "p-retry": "^4.6.1",
        "please-upgrade-node": "^3.2.0",
        "portfinder": "^1.0.28",
        "semver": "^7.3.5",
        "update-notifier": "^5.1.0",
        "velocityjs": "^2.0.6",
        "ws": "^7.5.6"
      },
      "devDependencies": {
        "@babel/cli": "^7.16.8",
        "@babel/core": "^7.16.12",
        "@babel/plugin-proposal-class-properties": "^7.16.7",
        "@babel/plugin-proposal-dynamic-import": "^7.16.7",
        "@babel/plugin-proposal-nullish-coalescing-operator": "^7.16.7",
        "@babel/plugin-proposal-optional-chaining": "^7.16.7",
        "@babel/plugin-transform-modules-commonjs": "^7.16.8",
        "@babel/register": "^7.16.9",
        "archiver": "^5.3.0",
        "babel-eslint": "^10.1.0",
        "copyfiles": "^2.4.1",
        "eslint": "^7.32.0",
        "eslint-config-airbnb-base": "^14.2.1",
        "eslint-config-prettier": "^7.2.0",
        "eslint-plugin-import": "^2.25.4",
        "eslint-plugin-prettier": "^3.4.1",
        "git-list-updated": "^1.2.1",
        "husky": "^4.3.8",
        "jest": "^26.6.3",
        "lint-staged": "^11.2.6",
        "p-map": "^4.0.0",
        "prettier": "^2.5.1",
        "rimraf": "^3.0.2",
        "serverless": "^2.72.2",
        "standard-version": "^9.3.2"
      },
      "engines": {
        "node": ">=12.0.0"
      },
      "peerDependencies": {
        "serverless": "^1.60.0 || 2 || 3"
      }
    },
    "../../node_modules/.pnpm/serverless-webpack@5.6.1_serverless@2.72.3+webpack@4.44.2/node_modules/serverless-webpack": {
      "version": "5.6.1",
      "dev": true,
      "license": "MIT",
      "dependencies": {
        "bestzip": "^2.2.0",
        "bluebird": "^3.7.2",
        "fs-extra": "^9.1.0",
        "glob": "^7.2.0",
        "is-builtin-module": "^3.1.0",
        "lodash": "^4.17.21",
        "semver": "^7.3.5"
      },
      "devDependencies": {
        "@babel/core": "^7.16.12",
        "@babel/eslint-parser": "^7.16.5",
        "chai": "^4.3.5",
        "chai-as-promised": "^7.1.1",
        "coveralls": "^3.1.1",
        "eslint": "^8.7.0",
        "eslint-plugin-import": "^2.25.4",
        "eslint-plugin-lodash": "^7.3.0",
        "eslint-plugin-promise": "^6.0.0",
        "husky": "^4.3.8",
        "lint-staged": "^10.5.4",
        "mocha": "^8.4.0",
        "mockery": "^2.1.0",
        "nyc": "^15.1.0",
        "prettier": "^2.5.1",
        "prettier-eslint-cli": "^5.0.1",
        "serverless": "^2.72.2",
        "sinon": "^12.0.1",
        "sinon-chai": "^3.7.0"
      },
      "engines": {
        "node": ">= 10.12.0"
      },
      "optionalDependencies": {
        "ts-node": ">= 8.3.0"
      },
      "peerDependencies": {
        "serverless": "1 || 2 || 3",
        "webpack": ">= 3.0.0 < 6"
      }
    },
    "../../node_modules/.pnpm/serverless@2.72.3/node_modules/serverless": {
      "version": "2.72.3",
      "dev": true,
      "hasInstallScript": true,
      "license": "MIT",
      "dependencies": {
        "@serverless/cli": "^1.6.0",
        "@serverless/components": "^3.18.2",
        "@serverless/dashboard-plugin": "^5.5.4",
        "@serverless/platform-client": "^4.3.1",
        "@serverless/utils": "^5.20.3",
        "ajv": "^6.12.6",
        "ajv-keywords": "^3.5.2",
        "archiver": "^5.3.0",
        "aws-sdk": "^2.1078.0",
        "bluebird": "^3.7.2",
        "boxen": "^5.1.2",
        "cachedir": "^2.3.0",
        "chalk": "^4.1.2",
        "child-process-ext": "^2.1.1",
        "ci-info": "^3.3.0",
        "cli-progress-footer": "^2.3.0",
        "d": "^1.0.1",
        "dayjs": "^1.10.7",
        "decompress": "^4.2.1",
        "dotenv": "^10.0.0",
        "dotenv-expand": "^5.1.0",
        "essentials": "^1.2.0",
        "ext": "^1.6.0",
        "fastest-levenshtein": "^1.0.12",
        "filesize": "^8.0.7",
        "fs-extra": "^9.1.0",
        "get-stdin": "^8.0.0",
        "globby": "^11.1.0",
        "got": "^11.8.3",
        "graceful-fs": "^4.2.9",
        "https-proxy-agent": "^5.0.0",
        "is-docker": "^2.2.1",
        "js-yaml": "^4.1.0",
        "json-cycle": "^1.3.0",
        "json-refs": "^3.0.15",
        "lodash": "^4.17.21",
        "memoizee": "^0.4.15",
        "micromatch": "^4.0.4",
        "ncjsm": "^4.3.0",
        "node-fetch": "^2.6.7",
        "open": "^7.4.2",
        "path2": "^0.1.0",
        "process-utils": "^4.0.0",
        "promise-queue": "^2.2.5",
        "replaceall": "^0.1.6",
        "semver": "^7.3.5",
        "signal-exit": "^3.0.7",
        "strip-ansi": "^6.0.1",
        "tabtab": "^3.0.2",
        "tar": "^6.1.11",
        "timers-ext": "^0.1.7",
        "type": "^2.6.0",
        "untildify": "^4.0.0",
        "uuid": "^8.3.2",
        "yaml-ast-parser": "0.0.43"
      },
      "bin": {
        "serverless": "bin/serverless.js",
        "sls": "bin/serverless.js"
      },
      "devDependencies": {
        "@commitlint/cli": "^12.1.4",
        "@serverless/eslint-config": "^4.0.0",
        "@serverless/test": "^8.8.0",
        "adm-zip": "^0.5.9",
        "chai": "^4.3.6",
        "chai-as-promised": "^7.1.1",
        "cos-nodejs-sdk-v5": "^2.11.6",
        "eslint": "^7.32.0",
        "eslint-plugin-import": "^2.25.4",
        "git-list-updated": "^1.2.1",
        "github-release-from-cc-changelog": "^2.2.1",
        "husky": "^4.3.8",
        "jszip": "^3.7.1",
        "lint-staged": "^10.5.4",
        "log": "^6.3.1",
        "log-node": "^8.0.3",
        "mocha": "^8.4.0",
        "mock-require": "^3.0.3",
        "nyc": "^15.1.0",
        "pkg": "^5.5.2",
        "prettier": "^2.5.1",
        "proxyquire": "^2.1.3",
        "semver-regex": "^3.1.3",
        "sinon": "^12.0.1",
        "sinon-chai": "^3.7.0",
        "standard-version": "^9.3.2",
        "ws": "^7.5.7",
        "xml2js": "^0.4.23"
      },
      "engines": {
        "node": ">=10.0"
      }
    },
    "../../node_modules/.pnpm/uuid@8.3.2/node_modules/uuid": {
      "version": "8.3.2",
      "license": "MIT",
      "bin": {
        "uuid": "dist/bin/uuid"
      },
      "devDependencies": {
        "@babel/cli": "7.11.6",
        "@babel/core": "7.11.6",
        "@babel/preset-env": "7.11.5",
        "@commitlint/cli": "11.0.0",
        "@commitlint/config-conventional": "11.0.0",
        "@rollup/plugin-node-resolve": "9.0.0",
        "babel-eslint": "10.1.0",
        "bundlewatch": "0.3.1",
        "eslint": "7.10.0",
        "eslint-config-prettier": "6.12.0",
        "eslint-config-standard": "14.1.1",
        "eslint-plugin-import": "2.22.1",
        "eslint-plugin-node": "11.1.0",
        "eslint-plugin-prettier": "3.1.4",
        "eslint-plugin-promise": "4.2.1",
        "eslint-plugin-standard": "4.0.1",
        "husky": "4.3.0",
        "jest": "25.5.4",
        "lint-staged": "10.4.0",
        "npm-run-all": "4.1.5",
        "optional-dev-dependency": "2.0.1",
        "prettier": "2.1.2",
        "random-seed": "0.3.0",
        "rollup": "2.28.2",
        "rollup-plugin-terser": "7.0.2",
        "runmd": "1.3.2",
        "standard-version": "9.0.0"
      }
    },
    "../../node_modules/.pnpm/webpack@4.44.2/node_modules/webpack": {
      "version": "4.44.2",
      "dev": true,
      "license": "MIT",
      "dependencies": {
        "@webassemblyjs/ast": "1.9.0",
        "@webassemblyjs/helper-module-context": "1.9.0",
        "@webassemblyjs/wasm-edit": "1.9.0",
        "@webassemblyjs/wasm-parser": "1.9.0",
        "acorn": "^6.4.1",
        "ajv": "^6.10.2",
        "ajv-keywords": "^3.4.1",
        "chrome-trace-event": "^1.0.2",
        "enhanced-resolve": "^4.3.0",
        "eslint-scope": "^4.0.3",
        "json-parse-better-errors": "^1.0.2",
        "loader-runner": "^2.4.0",
        "loader-utils": "^1.2.3",
        "memory-fs": "^0.4.1",
        "micromatch": "^3.1.10",
        "mkdirp": "^0.5.3",
        "neo-async": "^2.6.1",
        "node-libs-browser": "^2.2.1",
        "schema-utils": "^1.0.0",
        "tapable": "^1.1.3",
        "terser-webpack-plugin": "^1.4.3",
        "watchpack": "^1.7.4",
        "webpack-sources": "^1.4.1"
      },
      "bin": {
        "webpack": "bin/webpack.js"
      },
      "devDependencies": {
        "@babel/core": "^7.7.2",
        "@types/node": "^10.12.21",
        "@types/tapable": "^1.0.1",
        "@types/webpack-sources": "^0.1.4",
        "@yarnpkg/lockfile": "^1.1.0",
        "babel-loader": "^8.0.6",
        "benchmark": "^2.1.1",
        "bundle-loader": "~0.5.0",
        "coffee-loader": "^0.9.0",
        "coffeescript": "^2.3.2",
        "coveralls": "^3.0.2",
        "css-loader": "^2.1.0",
        "es6-promise-polyfill": "^1.1.1",
        "eslint": "^5.8.0",
        "eslint-config-prettier": "^4.0.0",
        "eslint-plugin-jest": "^22.2.2",
        "eslint-plugin-jsdoc": "^15.3.2",
        "eslint-plugin-node": "^8.0.0",
        "eslint-plugin-prettier": "^3.0.0",
        "express": "~4.16.4",
        "file-loader": "^3.0.1",
        "glob": "^7.1.3",
        "husky": "^1.1.3",
        "i18n-webpack-plugin": "^1.0.0",
        "istanbul": "^0.4.5",
        "jest": "^24.9.0",
        "jest-junit": "^8.0.0",
        "json-loader": "^0.5.7",
        "json-schema-to-typescript": "^6.0.1",
        "less": "^3.9.0",
        "less-loader": "^4.0.3",
        "lint-staged": "^8.0.4",
        "lodash": "^4.17.4",
        "prettier": "^1.14.3",
        "pug": "^2.0.4",
        "pug-loader": "^2.4.0",
        "raw-loader": "^1.0.0",
        "react": "^16.8.0",
        "react-dom": "^16.8.0",
        "rimraf": "^2.6.2",
        "script-loader": "~0.7.0",
        "simple-git": "^1.65.0",
        "strip-ansi": "^5.2.0",
        "style-loader": "^0.23.1",
        "typescript": "^3.0.0-rc",
        "url-loader": "^1.1.2",
        "val-loader": "^1.0.2",
        "vm-browserify": "~1.1.0",
        "wast-loader": "^1.5.5",
        "webassembly-feature": "1.3.0",
        "webpack-dev-middleware": "^3.5.1",
        "worker-loader": "^2.0.0",
        "xxhashjs": "^0.2.1"
      },
      "engines": {
        "node": ">=6.11.5"
      },
      "funding": {
        "type": "opencollective",
        "url": "https://opencollective.com/webpack"
      },
      "peerDependenciesMeta": {
        "webpack-cli": {
          "optional": true
        },
        "webpack-command": {
          "optional": true
        }
      }
    },
    "node_modules/@aws-sdk/client-cognito-identity-provider": {
      "resolved": "../../node_modules/.pnpm/@aws-sdk+client-cognito-identity-provider@3.49.0/node_modules/@aws-sdk/client-cognito-identity-provider",
      "link": true
    },
    "node_modules/@aws-sdk/client-dynamodb": {
      "resolved": "../../node_modules/.pnpm/@aws-sdk+client-dynamodb@3.49.0/node_modules/@aws-sdk/client-dynamodb",
      "link": true
    },
    "node_modules/@aws-sdk/client-s3": {
      "resolved": "../../node_modules/.pnpm/@aws-sdk+client-s3@3.49.0/node_modules/@aws-sdk/client-s3",
      "link": true
    },
    "node_modules/@aws-sdk/s3-request-presigner": {
      "resolved": "../../node_modules/.pnpm/@aws-sdk+s3-request-presigner@3.49.0/node_modules/@aws-sdk/s3-request-presigner",
      "link": true
    },
    "node_modules/@aws-sdk/util-dynamodb": {
      "resolved": "../../node_modules/.pnpm/@aws-sdk+util-dynamodb@3.49.0/node_modules/@aws-sdk/util-dynamodb",
      "link": true
    },
    "node_modules/serverless": {
      "resolved": "../../node_modules/.pnpm/serverless@2.72.3/node_modules/serverless",
      "link": true
    },
    "node_modules/serverless-appsync-plugin": {
      "resolved": "../../node_modules/.pnpm/serverless-appsync-plugin@1.12.1/node_modules/serverless-appsync-plugin",
      "link": true
    },
    "node_modules/serverless-appsync-simulator": {
      "resolved": "../../node_modules/.pnpm/serverless-appsync-simulator@0.19.3/node_modules/serverless-appsync-simulator",
      "link": true
    },
    "node_modules/serverless-dynamodb-local": {
      "resolved": "../../node_modules/.pnpm/serverless-dynamodb-local@0.2.40/node_modules/serverless-dynamodb-local",
      "link": true
    },
    "node_modules/serverless-offline": {
      "resolved": "../../node_modules/.pnpm/serverless-offline@8.4.0_serverless@2.72.3/node_modules/serverless-offline",
      "link": true
    },
    "node_modules/serverless-webpack": {
      "resolved": "../../node_modules/.pnpm/serverless-webpack@5.6.1_serverless@2.72.3+webpack@4.44.2/node_modules/serverless-webpack",
      "link": true
    },
    "node_modules/uuid": {
      "resolved": "../../node_modules/.pnpm/uuid@8.3.2/node_modules/uuid",
      "link": true
    },
    "node_modules/webpack": {
      "resolved": "../../node_modules/.pnpm/webpack@4.44.2/node_modules/webpack",
      "link": true
    }
  },
  "dependencies": {
    "@aws-sdk/client-cognito-identity-provider": {
      "version": "file:../../node_modules/.pnpm/@aws-sdk+client-cognito-identity-provider@3.49.0/node_modules/@aws-sdk/client-cognito-identity-provider",
      "requires": {
        "@aws-crypto/sha256-browser": "2.0.0",
        "@aws-crypto/sha256-js": "2.0.0",
        "@aws-sdk/client-sts": "3.49.0",
        "@aws-sdk/config-resolver": "3.49.0",
        "@aws-sdk/credential-provider-node": "3.49.0",
        "@aws-sdk/fetch-http-handler": "3.49.0",
        "@aws-sdk/hash-node": "3.49.0",
        "@aws-sdk/invalid-dependency": "3.49.0",
        "@aws-sdk/middleware-content-length": "3.49.0",
        "@aws-sdk/middleware-host-header": "3.49.0",
        "@aws-sdk/middleware-logger": "3.49.0",
        "@aws-sdk/middleware-retry": "3.49.0",
        "@aws-sdk/middleware-serde": "3.49.0",
        "@aws-sdk/middleware-signing": "3.49.0",
        "@aws-sdk/middleware-stack": "3.49.0",
        "@aws-sdk/middleware-user-agent": "3.49.0",
        "@aws-sdk/node-config-provider": "3.49.0",
        "@aws-sdk/node-http-handler": "3.49.0",
        "@aws-sdk/protocol-http": "3.49.0",
        "@aws-sdk/service-client-documentation-generator": "3.49.0",
        "@aws-sdk/smithy-client": "3.49.0",
        "@aws-sdk/types": "3.49.0",
        "@aws-sdk/url-parser": "3.49.0",
        "@aws-sdk/util-base64-browser": "3.49.0",
        "@aws-sdk/util-base64-node": "3.49.0",
        "@aws-sdk/util-body-length-browser": "3.49.0",
        "@aws-sdk/util-body-length-node": "3.49.0",
        "@aws-sdk/util-defaults-mode-browser": "3.49.0",
        "@aws-sdk/util-defaults-mode-node": "3.49.0",
        "@aws-sdk/util-user-agent-browser": "3.49.0",
        "@aws-sdk/util-user-agent-node": "3.49.0",
        "@aws-sdk/util-utf8-browser": "3.49.0",
        "@aws-sdk/util-utf8-node": "3.49.0",
        "@tsconfig/recommended": "1.0.1",
        "@types/node": "^12.7.5",
        "concurrently": "7.0.0",
        "downlevel-dts": "0.7.0",
        "rimraf": "3.0.2",
        "tslib": "^2.3.0",
        "typedoc": "0.19.2",
        "typescript": "~4.3.5"
      }
    },
    "@aws-sdk/client-dynamodb": {
      "version": "file:../../node_modules/.pnpm/@aws-sdk+client-dynamodb@3.49.0/node_modules/@aws-sdk/client-dynamodb",
      "requires": {
        "@aws-crypto/sha256-browser": "2.0.0",
        "@aws-crypto/sha256-js": "2.0.0",
        "@aws-sdk/client-sts": "3.49.0",
        "@aws-sdk/config-resolver": "3.49.0",
        "@aws-sdk/credential-provider-node": "3.49.0",
        "@aws-sdk/fetch-http-handler": "3.49.0",
        "@aws-sdk/hash-node": "3.49.0",
        "@aws-sdk/invalid-dependency": "3.49.0",
        "@aws-sdk/middleware-content-length": "3.49.0",
        "@aws-sdk/middleware-endpoint-discovery": "3.49.0",
        "@aws-sdk/middleware-host-header": "3.49.0",
        "@aws-sdk/middleware-logger": "3.49.0",
        "@aws-sdk/middleware-retry": "3.49.0",
        "@aws-sdk/middleware-serde": "3.49.0",
        "@aws-sdk/middleware-signing": "3.49.0",
        "@aws-sdk/middleware-stack": "3.49.0",
        "@aws-sdk/middleware-user-agent": "3.49.0",
        "@aws-sdk/node-config-provider": "3.49.0",
        "@aws-sdk/node-http-handler": "3.49.0",
        "@aws-sdk/protocol-http": "3.49.0",
        "@aws-sdk/service-client-documentation-generator": "3.49.0",
        "@aws-sdk/smithy-client": "3.49.0",
        "@aws-sdk/types": "3.49.0",
        "@aws-sdk/url-parser": "3.49.0",
        "@aws-sdk/util-base64-browser": "3.49.0",
        "@aws-sdk/util-base64-node": "3.49.0",
        "@aws-sdk/util-body-length-browser": "3.49.0",
        "@aws-sdk/util-body-length-node": "3.49.0",
        "@aws-sdk/util-defaults-mode-browser": "3.49.0",
        "@aws-sdk/util-defaults-mode-node": "3.49.0",
        "@aws-sdk/util-user-agent-browser": "3.49.0",
        "@aws-sdk/util-user-agent-node": "3.49.0",
        "@aws-sdk/util-utf8-browser": "3.49.0",
        "@aws-sdk/util-utf8-node": "3.49.0",
        "@aws-sdk/util-waiter": "3.49.0",
        "@tsconfig/recommended": "1.0.1",
        "@types/node": "^12.7.5",
        "@types/uuid": "^8.3.0",
        "concurrently": "7.0.0",
        "downlevel-dts": "0.7.0",
        "rimraf": "3.0.2",
        "tslib": "^2.3.0",
        "typedoc": "0.19.2",
        "typescript": "~4.3.5",
        "uuid": "^8.3.2"
      }
    },
    "@aws-sdk/client-s3": {
      "version": "file:../../node_modules/.pnpm/@aws-sdk+client-s3@3.49.0/node_modules/@aws-sdk/client-s3",
      "requires": {
        "@aws-crypto/sha256-browser": "2.0.0",
        "@aws-crypto/sha256-js": "2.0.0",
        "@aws-sdk/client-sts": "3.49.0",
        "@aws-sdk/config-resolver": "3.49.0",
        "@aws-sdk/credential-provider-node": "3.49.0",
        "@aws-sdk/eventstream-serde-browser": "3.49.0",
        "@aws-sdk/eventstream-serde-config-resolver": "3.49.0",
        "@aws-sdk/eventstream-serde-node": "3.49.0",
        "@aws-sdk/fetch-http-handler": "3.49.0",
        "@aws-sdk/hash-blob-browser": "3.49.0",
        "@aws-sdk/hash-node": "3.49.0",
        "@aws-sdk/hash-stream-node": "3.49.0",
        "@aws-sdk/invalid-dependency": "3.49.0",
        "@aws-sdk/md5-js": "3.49.0",
        "@aws-sdk/middleware-apply-body-checksum": "3.49.0",
        "@aws-sdk/middleware-bucket-endpoint": "3.49.0",
        "@aws-sdk/middleware-content-length": "3.49.0",
        "@aws-sdk/middleware-expect-continue": "3.49.0",
        "@aws-sdk/middleware-host-header": "3.49.0",
        "@aws-sdk/middleware-location-constraint": "3.49.0",
        "@aws-sdk/middleware-logger": "3.49.0",
        "@aws-sdk/middleware-retry": "3.49.0",
        "@aws-sdk/middleware-sdk-s3": "3.49.0",
        "@aws-sdk/middleware-serde": "3.49.0",
        "@aws-sdk/middleware-signing": "3.49.0",
        "@aws-sdk/middleware-ssec": "3.49.0",
        "@aws-sdk/middleware-stack": "3.49.0",
        "@aws-sdk/middleware-user-agent": "3.49.0",
        "@aws-sdk/node-config-provider": "3.49.0",
        "@aws-sdk/node-http-handler": "3.49.0",
        "@aws-sdk/protocol-http": "3.49.0",
        "@aws-sdk/service-client-documentation-generator": "3.49.0",
        "@aws-sdk/smithy-client": "3.49.0",
        "@aws-sdk/types": "3.49.0",
        "@aws-sdk/url-parser": "3.49.0",
        "@aws-sdk/util-base64-browser": "3.49.0",
        "@aws-sdk/util-base64-node": "3.49.0",
        "@aws-sdk/util-body-length-browser": "3.49.0",
        "@aws-sdk/util-body-length-node": "3.49.0",
        "@aws-sdk/util-defaults-mode-browser": "3.49.0",
        "@aws-sdk/util-defaults-mode-node": "3.49.0",
        "@aws-sdk/util-user-agent-browser": "3.49.0",
        "@aws-sdk/util-user-agent-node": "3.49.0",
        "@aws-sdk/util-utf8-browser": "3.49.0",
        "@aws-sdk/util-utf8-node": "3.49.0",
        "@aws-sdk/util-waiter": "3.49.0",
        "@aws-sdk/xml-builder": "3.49.0",
        "@tsconfig/recommended": "1.0.1",
        "@types/chai": "^4.2.11",
        "@types/mocha": "^8.0.4",
        "@types/node": "^12.7.5",
        "concurrently": "7.0.0",
        "downlevel-dts": "0.7.0",
        "entities": "2.2.0",
        "fast-xml-parser": "3.19.0",
        "rimraf": "3.0.2",
        "tslib": "^2.3.0",
        "typedoc": "0.19.2",
        "typescript": "~4.3.5"
      }
    },
    "@aws-sdk/s3-request-presigner": {
      "version": "file:../../node_modules/.pnpm/@aws-sdk+s3-request-presigner@3.49.0/node_modules/@aws-sdk/s3-request-presigner",
      "requires": {
        "@aws-sdk/client-s3": "3.49.0",
        "@aws-sdk/hash-node": "3.49.0",
        "@aws-sdk/middleware-sdk-s3": "3.49.0",
        "@aws-sdk/protocol-http": "3.49.0",
        "@aws-sdk/signature-v4": "3.49.0",
        "@aws-sdk/smithy-client": "3.49.0",
        "@aws-sdk/types": "3.49.0",
        "@aws-sdk/util-create-request": "3.49.0",
        "@aws-sdk/util-format-url": "3.49.0",
        "@tsconfig/recommended": "1.0.1",
        "@types/node": "^12.0.2",
        "concurrently": "7.0.0",
        "downlevel-dts": "0.7.0",
        "rimraf": "3.0.2",
        "tslib": "^2.3.0",
        "typedoc": "0.19.2",
        "typescript": "~4.3.5"
      }
    },
    "@aws-sdk/util-dynamodb": {
      "version": "file:../../node_modules/.pnpm/@aws-sdk+util-dynamodb@3.49.0/node_modules/@aws-sdk/util-dynamodb",
      "requires": {
        "@aws-sdk/client-dynamodb": "3.49.0",
        "@tsconfig/recommended": "1.0.1",
        "concurrently": "7.0.0",
        "downlevel-dts": "0.7.0",
        "rimraf": "3.0.2",
        "tslib": "^2.3.0",
        "typedoc": "0.19.2",
        "typescript": "~4.3.5"
      }
    },
    "serverless": {
      "version": "file:../../node_modules/.pnpm/serverless@2.72.3/node_modules/serverless",
      "requires": {
        "@commitlint/cli": "^12.1.4",
        "@serverless/cli": "^1.6.0",
        "@serverless/components": "^3.18.2",
        "@serverless/dashboard-plugin": "^5.5.4",
        "@serverless/eslint-config": "^4.0.0",
        "@serverless/platform-client": "^4.3.1",
        "@serverless/test": "^8.8.0",
        "@serverless/utils": "^5.20.3",
        "adm-zip": "^0.5.9",
        "ajv": "^6.12.6",
        "ajv-keywords": "^3.5.2",
        "archiver": "^5.3.0",
        "aws-sdk": "^2.1078.0",
        "bluebird": "^3.7.2",
        "boxen": "^5.1.2",
        "cachedir": "^2.3.0",
        "chai": "^4.3.6",
        "chai-as-promised": "^7.1.1",
        "chalk": "^4.1.2",
        "child-process-ext": "^2.1.1",
        "ci-info": "^3.3.0",
        "cli-progress-footer": "^2.3.0",
        "cos-nodejs-sdk-v5": "^2.11.6",
        "d": "^1.0.1",
        "dayjs": "^1.10.7",
        "decompress": "^4.2.1",
        "dotenv": "^10.0.0",
        "dotenv-expand": "^5.1.0",
        "eslint": "^7.32.0",
        "eslint-plugin-import": "^2.25.4",
        "essentials": "^1.2.0",
        "ext": "^1.6.0",
        "fastest-levenshtein": "^1.0.12",
        "filesize": "^8.0.7",
        "fs-extra": "^9.1.0",
        "get-stdin": "^8.0.0",
        "git-list-updated": "^1.2.1",
        "github-release-from-cc-changelog": "^2.2.1",
        "globby": "^11.1.0",
        "got": "^11.8.3",
        "graceful-fs": "^4.2.9",
        "https-proxy-agent": "^5.0.0",
        "husky": "^4.3.8",
        "is-docker": "^2.2.1",
        "js-yaml": "^4.1.0",
        "json-cycle": "^1.3.0",
        "json-refs": "^3.0.15",
        "jszip": "^3.7.1",
        "lint-staged": "^10.5.4",
        "lodash": "^4.17.21",
        "log": "^6.3.1",
        "log-node": "^8.0.3",
        "memoizee": "^0.4.15",
        "micromatch": "^4.0.4",
        "mocha": "^8.4.0",
        "mock-require": "^3.0.3",
        "ncjsm": "^4.3.0",
        "node-fetch": "^2.6.7",
        "nyc": "^15.1.0",
        "open": "^7.4.2",
        "path2": "^0.1.0",
        "pkg": "^5.5.2",
        "prettier": "^2.5.1",
        "process-utils": "^4.0.0",
        "promise-queue": "^2.2.5",
        "proxyquire": "^2.1.3",
        "replaceall": "^0.1.6",
        "semver": "^7.3.5",
        "semver-regex": "^3.1.3",
        "signal-exit": "^3.0.7",
        "sinon": "^12.0.1",
        "sinon-chai": "^3.7.0",
        "standard-version": "^9.3.2",
        "strip-ansi": "^6.0.1",
        "tabtab": "^3.0.2",
        "tar": "^6.1.11",
        "timers-ext": "^0.1.7",
        "type": "^2.6.0",
        "untildify": "^4.0.0",
        "uuid": "^8.3.2",
        "ws": "^7.5.7",
        "xml2js": "^0.4.23",
        "yaml-ast-parser": "0.0.43"
      }
    },
    "serverless-appsync-plugin": {
      "version": "file:../../node_modules/.pnpm/serverless-appsync-plugin@1.12.1/node_modules/serverless-appsync-plugin",
      "requires": {
        "@graphql-tools/merge": "^6.2.11",
        "all-contributors-cli": "^6.20.0",
        "aws-sdk": "^2.881.0",
        "chalk": "^2.4.2",
        "eslint": "^7.28.0",
        "eslint-config-prettier": "^8.3.0",
        "eslint-plugin-import": "^2.22.1",
        "eslint-plugin-prettier": "^4.0.0",
        "globby": "^11.0.3",
        "graphql": "^14.7.0",
        "graphql-playground-middleware-koa": "^1.6.21",
        "jest": "^22.1.4",
        "koa": "^2.13.1",
        "lodash": "^4.17.20",
        "moment": "^2.29.1",
        "prettier": "^2.4.1",
        "ramda": "^0.25.0",
        "serverless": "^1.83.3"
      }
    },
    "serverless-appsync-simulator": {
      "version": "file:../../node_modules/.pnpm/serverless-appsync-simulator@0.19.3/node_modules/serverless-appsync-simulator",
      "requires": {
        "@babel/cli": "^7.12.1",
        "@babel/core": "^7.12.3",
        "@babel/plugin-transform-modules-commonjs": "^7.12.1",
        "@babel/preset-env": "^7.12.1",
        "@graphql-tools/merge": "^8.2.1",
        "@semantic-release/git": "^9.0.0",
        "all-contributors-cli": "^6.19.0",
        "amplify-appsync-simulator": "^1.27.4",
        "amplify-nodejs-function-runtime-provider": "^1.1.6",
        "aws-sdk": "^2.792.0",
        "axios": "^0.21.0",
        "babel-eslint": "^10.1.0",
        "babel-jest": "^26.6.3",
        "babel-plugin-inline-import": "^3.0.0",
        "bluebird": "^3.7.2",
        "cfn-resolver-lib": "^1.1.7",
        "dataloader": "^2.0.0",
        "eslint": "^7.13.0",
        "eslint-config-prettier": "^7.0.0",
        "eslint-plugin-prettier": "^3.2.0",
        "fb-watchman": "^2.0.1",
        "globby": "^11.0.3",
        "jest": "^26.6.3",
        "lodash": "^4.17.20",
        "mysql2": "^2.2.5",
        "pg": "^8.6.0",
        "prettier": "^2.2.1",
        "semantic-release": "^17.3.0"
      }
    },
    "serverless-dynamodb-local": {
      "version": "file:../../node_modules/.pnpm/serverless-dynamodb-local@0.2.40/node_modules/serverless-dynamodb-local",
      "requires": {
        "aws-sdk": "^2.7.0",
        "bluebird": "^3.4.6",
        "chai": "^4.1.1",
        "dynamodb-localhost": "0.0.9",
        "lodash": "^4.17.0",
        "mocha": "^6.2.1",
        "should": "^11.2.1"
      }
    },
    "serverless-offline": {
      "version": "file:../../node_modules/.pnpm/serverless-offline@8.4.0_serverless@2.72.3/node_modules/serverless-offline",
      "requires": {
        "@babel/cli": "^7.16.8",
        "@babel/core": "^7.16.12",
        "@babel/plugin-proposal-class-properties": "^7.16.7",
        "@babel/plugin-proposal-dynamic-import": "^7.16.7",
        "@babel/plugin-proposal-nullish-coalescing-operator": "^7.16.7",
        "@babel/plugin-proposal-optional-chaining": "^7.16.7",
        "@babel/plugin-transform-modules-commonjs": "^7.16.8",
        "@babel/register": "^7.16.9",
        "@hapi/boom": "^9.1.4",
        "@hapi/h2o2": "^9.1.0",
        "@hapi/hapi": "^20.2.1",
        "archiver": "^5.3.0",
        "aws-sdk": "^2.1065.0",
        "babel-eslint": "^10.1.0",
        "boxen": "^5.1.2",
        "chalk": "^4.1.2",
        "copyfiles": "^2.4.1",
        "cuid": "^2.1.8",
        "eslint": "^7.32.0",
        "eslint-config-airbnb-base": "^14.2.1",
        "eslint-config-prettier": "^7.2.0",
        "eslint-plugin-import": "^2.25.4",
        "eslint-plugin-prettier": "^3.4.1",
        "execa": "^5.1.1",
        "extend": "^3.0.2",
        "fs-extra": "^9.1.0",
        "git-list-updated": "^1.2.1",
        "husky": "^4.3.8",
        "java-invoke-local": "0.0.6",
        "jest": "^26.6.3",
        "js-string-escape": "^1.0.1",
        "jsonpath-plus": "^5.1.0",
        "jsonschema": "^1.4.0",
        "jsonwebtoken": "^8.5.1",
        "jszip": "^3.7.1",
        "lint-staged": "^11.2.6",
        "luxon": "^1.28.0",
        "node-fetch": "^2.6.7",
        "node-schedule": "^1.3.3",
        "object.fromentries": "^2.0.5",
        "p-map": "^4.0.0",
        "p-memoize": "^4.0.4",
        "p-queue": "^6.6.2",
        "p-retry": "^4.6.1",
        "please-upgrade-node": "^3.2.0",
        "portfinder": "^1.0.28",
        "prettier": "^2.5.1",
        "rimraf": "^3.0.2",
        "semver": "^7.3.5",
        "serverless": "^2.72.2",
        "standard-version": "^9.3.2",
        "update-notifier": "^5.1.0",
        "velocityjs": "^2.0.6",
        "ws": "^7.5.6"
      }
    },
    "serverless-webpack": {
      "version": "file:../../node_modules/.pnpm/serverless-webpack@5.6.1_serverless@2.72.3+webpack@4.44.2/node_modules/serverless-webpack",
      "requires": {
        "@babel/core": "^7.16.12",
        "@babel/eslint-parser": "^7.16.5",
        "bestzip": "^2.2.0",
        "bluebird": "^3.7.2",
        "chai": "^4.3.5",
        "chai-as-promised": "^7.1.1",
        "coveralls": "^3.1.1",
        "eslint": "^8.7.0",
        "eslint-plugin-import": "^2.25.4",
        "eslint-plugin-lodash": "^7.3.0",
        "eslint-plugin-promise": "^6.0.0",
        "fs-extra": "^9.1.0",
        "glob": "^7.2.0",
        "husky": "^4.3.8",
        "is-builtin-module": "^3.1.0",
        "lint-staged": "^10.5.4",
        "lodash": "^4.17.21",
        "mocha": "^8.4.0",
        "mockery": "^2.1.0",
        "nyc": "^15.1.0",
        "prettier": "^2.5.1",
        "prettier-eslint-cli": "^5.0.1",
        "semver": "^7.3.5",
        "serverless": "^2.72.2",
        "sinon": "^12.0.1",
        "sinon-chai": "^3.7.0",
        "ts-node": ">= 8.3.0"
      }
    },
    "uuid": {
      "version": "file:../../node_modules/.pnpm/uuid@8.3.2/node_modules/uuid",
      "requires": {
        "@babel/cli": "7.11.6",
        "@babel/core": "7.11.6",
        "@babel/preset-env": "7.11.5",
        "@commitlint/cli": "11.0.0",
        "@commitlint/config-conventional": "11.0.0",
        "@rollup/plugin-node-resolve": "9.0.0",
        "babel-eslint": "10.1.0",
        "bundlewatch": "0.3.1",
        "eslint": "7.10.0",
        "eslint-config-prettier": "6.12.0",
        "eslint-config-standard": "14.1.1",
        "eslint-plugin-import": "2.22.1",
        "eslint-plugin-node": "11.1.0",
        "eslint-plugin-prettier": "3.1.4",
        "eslint-plugin-promise": "4.2.1",
        "eslint-plugin-standard": "4.0.1",
        "husky": "4.3.0",
        "jest": "25.5.4",
        "lint-staged": "10.4.0",
        "npm-run-all": "4.1.5",
        "optional-dev-dependency": "2.0.1",
        "prettier": "2.1.2",
        "random-seed": "0.3.0",
        "rollup": "2.28.2",
        "rollup-plugin-terser": "7.0.2",
        "runmd": "1.3.2",
        "standard-version": "9.0.0"
      }
    },
    "webpack": {
      "version": "file:../../node_modules/.pnpm/webpack@4.44.2/node_modules/webpack",
      "requires": {
        "@babel/core": "^7.7.2",
        "@types/node": "^10.12.21",
        "@types/tapable": "^1.0.1",
        "@types/webpack-sources": "^0.1.4",
        "@webassemblyjs/ast": "1.9.0",
        "@webassemblyjs/helper-module-context": "1.9.0",
        "@webassemblyjs/wasm-edit": "1.9.0",
        "@webassemblyjs/wasm-parser": "1.9.0",
        "@yarnpkg/lockfile": "^1.1.0",
        "acorn": "^6.4.1",
        "ajv": "^6.10.2",
        "ajv-keywords": "^3.4.1",
        "babel-loader": "^8.0.6",
        "benchmark": "^2.1.1",
        "bundle-loader": "~0.5.0",
        "chrome-trace-event": "^1.0.2",
        "coffee-loader": "^0.9.0",
        "coffeescript": "^2.3.2",
        "coveralls": "^3.0.2",
        "css-loader": "^2.1.0",
        "enhanced-resolve": "^4.3.0",
        "es6-promise-polyfill": "^1.1.1",
        "eslint": "^5.8.0",
        "eslint-config-prettier": "^4.0.0",
        "eslint-plugin-jest": "^22.2.2",
        "eslint-plugin-jsdoc": "^15.3.2",
        "eslint-plugin-node": "^8.0.0",
        "eslint-plugin-prettier": "^3.0.0",
        "eslint-scope": "^4.0.3",
        "express": "~4.16.4",
        "file-loader": "^3.0.1",
        "glob": "^7.1.3",
        "husky": "^1.1.3",
        "i18n-webpack-plugin": "^1.0.0",
        "istanbul": "^0.4.5",
        "jest": "^24.9.0",
        "jest-junit": "^8.0.0",
        "json-loader": "^0.5.7",
        "json-parse-better-errors": "^1.0.2",
        "json-schema-to-typescript": "^6.0.1",
        "less": "^3.9.0",
        "less-loader": "^4.0.3",
        "lint-staged": "^8.0.4",
        "loader-runner": "^2.4.0",
        "loader-utils": "^1.2.3",
        "lodash": "^4.17.4",
        "memory-fs": "^0.4.1",
        "micromatch": "^3.1.10",
        "mkdirp": "^0.5.3",
        "neo-async": "^2.6.1",
        "node-libs-browser": "^2.2.1",
        "prettier": "^1.14.3",
        "pug": "^2.0.4",
        "pug-loader": "^2.4.0",
        "raw-loader": "^1.0.0",
        "react": "^16.8.0",
        "react-dom": "^16.8.0",
        "rimraf": "^2.6.2",
        "schema-utils": "^1.0.0",
        "script-loader": "~0.7.0",
        "simple-git": "^1.65.0",
        "strip-ansi": "^5.2.0",
        "style-loader": "^0.23.1",
        "tapable": "^1.1.3",
        "terser-webpack-plugin": "^1.4.3",
        "typescript": "^3.0.0-rc",
        "url-loader": "^1.1.2",
        "val-loader": "^1.0.2",
        "vm-browserify": "~1.1.0",
        "wast-loader": "^1.5.5",
        "watchpack": "^1.7.4",
        "webassembly-feature": "1.3.0",
        "webpack-dev-middleware": "^3.5.1",
        "webpack-sources": "^1.4.1",
        "worker-loader": "^2.0.0",
        "xxhashjs": "^0.2.1"
      }
    }
  }
}
